("quicklisp" .
 (:class qlot/source/dist:source-dist
  :initargs (:distribution "https://beta.quicklisp.org/dist/quicklisp.txt" :%version :latest)
  :version "2024-10-12"))
("cm" .
 (:class qlot/source/github:source-github
  :initargs (:repos "ormf/cm" :ref nil :branch nil :tag nil)
  :version "github-4382b68b6f74f5bf6ddc4ef8707af798229fe656"))
("cepl.fond" .
 (:class qlot/source/github:source-github
  :initargs (:repos "cbaggers/cepl.fond" :ref nil :branch nil :tag nil)
  :version "github-45ed0ef72b65c905a2ee97c6e87da6de6ec424b7"))
("nineveh" .
 (:class qlot/source/github:source-github
  :initargs (:repos "azimut/nineveh" :ref nil :branch nil :tag nil)
  :version "github-986e05fb1e609c64bdbf967fa52af2284d9e830e"))
("varjo" .
 (:class qlot/source/github:source-github
  :initargs (:repos "azimut/varjo" :ref nil :branch nil :tag nil)
  :version "github-13b1f28102fdb781583b26caaa1434aa8cc5db3c"))
("rocketman" .
 (:class qlot/source/github:source-github
  :initargs (:repos "azimut/rocketman" :ref nil :branch nil :tag nil)
  :version "github-e197fbef23ed3ecb94d73ff856f42127719dd0fc"))
("glsl-spec" .
 (:class qlot/source/github:source-github
  :initargs (:repos "azimut/glsl-spec" :ref nil :branch nil :tag nil)
  :version "github-98dcef4c90bc89c14436c751cec7be0fb13e8a84"))
("cepl" .
 (:class qlot/source/github:source-github
  :initargs (:repos "azimut/cepl" :ref nil :branch "rm-project" :tag nil)
  :version "github-4114a353883726333c640fb318726d0da38a3b7f"))
("cl-openal" .
 (:class qlot/source/github:source-github
  :initargs (:repos "azimut/cl-openal" :ref nil :branch "fixalut" :tag nil)
  :version "github-69b1dae76b6bdf2b3e3f60d0837df5026902541f"))
("nepal" .
 (:class qlot/source/github:source-github
  :initargs (:repos "azimut/nepal" :ref nil :branch nil :tag nil)
  :version "github-872afd455faf6895ab756694f6ed776b84528ab3"))
